
Microsoft Visual Studio Solution File, Format Version 12.00
# Visual Studio 15
VisualStudioVersion = 15.0.28307.572
MinimumVisualStudioVersion = 10.0.40219.1
Project("{FAE04EC0-301F-11D3-BF4B-00C04F79EFBC}") = "NTAP.WebUI", "NTAP.WebUI\NTAP.WebUI.csproj", "{4C8D6AE2-63F6-488F-AB1A-FB820DD80EB5}"
EndProject
Global
	GlobalSection(SolutionConfigurationPlatforms) = preSolution
		Debug|Any CPU = Debug|Any CPU
		Release|Any CPU = Release|Any CPU
	EndGlobalSection
	GlobalSection(ProjectConfigurationPlatforms) = postSolution
		{4C8D6AE2-63F6-488F-AB1A-FB820DD80EB5}.Debug|Any CPU.ActiveCfg = Debug|Any CPU
		{4C8D6AE2-63F6-488F-AB1A-FB820DD80EB5}.Debug|Any CPU.Build.0 = Debug|Any CPU
		{4C8D6AE2-63F6-488F-AB1A-FB820DD80EB5}.Release|Any CPU.ActiveCfg = Release|Any CPU
		{4C8D6AE2-63F6-488F-AB1A-FB820DD80EB5}.Release|Any CPU.Build.0 = Release|Any CPU
	EndGlobalSection
	GlobalSection(SolutionProperties) = preSolution
		HideSolutionNode = FALSE
	EndGlobalSection
	GlobalSection(ExtensibilityGlobals) = postSolution
		SolutionGuid = {689F2F56-EB5E-4168-814A-E26C695865D4}
	EndGlobalSection
EndGlobal
